{
	"name": "client",
	"lockfileVersion": 3,
	"requires": true,
	"packages": {
		"": {
			"name": "client",
			"dependencies": {
				"base62": "^2.0.2",
				"bs58": "^6.0.0",
				"trystero": "^0.23.0"
			},
			"devDependencies": {
				"@types/bun": "latest"
			},
			"peerDependencies": {
				"typescript": "^5"
			}
		},
		"node_modules/@noble/secp256k1": {
			"version": "3.0.0",
			"license": "MIT",
			"funding": {
				"url": "https://paulmillr.com/funding/"
			}
		},
		"node_modules/@trystero-p2p/core": {
			"version": "0.23.0",
			"license": "MIT"
		},
		"node_modules/@trystero-p2p/nostr": {
			"version": "0.23.0",
			"license": "MIT",
			"dependencies": {
				"@noble/secp256k1": "^3.0.0",
				"@trystero-p2p/core": "0.23.0"
			}
		},
		"node_modules/@types/bun": {
			"version": "1.3.11",
			"resolved": "https://registry.npmjs.org/@types/bun/-/bun-1.3.11.tgz",
			"integrity": "sha512-5vPne5QvtpjGpsGYXiFyycfpDF2ECyPcTSsFBMa0fraoxiQyMJ3SmuQIGhzPg2WJuWxVBoxWJ2kClYTcw/4fAg==",
			"dev": true,
			"license": "MIT",
			"dependencies": {
				"bun-types": "1.3.11"
			}
		},
		"node_modules/@types/node": {
			"version": "25.5.0",
			"dev": true,
			"license": "MIT",
			"dependencies": {
				"undici-types": "~7.18.0"
			}
		},
		"node_modules/base-x": {
			"version": "5.0.1",
			"resolved": "https://registry.npmjs.org/base-x/-/base-x-5.0.1.tgz",
			"integrity": "sha512-M7uio8Zt++eg3jPj+rHMfCC+IuygQHHCOU+IYsVtik6FWjuYpVt/+MRKcgsAMHh8mMFAwnB+Bs+mTrFiXjMzKg==",
			"license": "MIT"
		},
		"node_modules/base62": {
			"version": "2.0.2",
			"resolved": "https://registry.npmjs.org/base62/-/base62-2.0.2.tgz",
			"integrity": "sha512-FLoAQzMpmdDBei0u7fUAQzVCxoH6g4pueCIuGDoCZVZCiCeW4qTKpEGB79jkS15VB8b/5EIHc4R+WSKTByM+dw==",
			"funding": [
				"https://github.com/sponsors/andrew",
				"https://ko-fi.com/andrewnez",
				"https://polar.sh/andrew",
				"https://buymeacoffee.com/andrewnez"
			],
			"license": "MIT",
			"engines": {
				"node": ">=6.0.0"
			}
		},
		"node_modules/bs58": {
			"version": "6.0.0",
			"resolved": "https://registry.npmjs.org/bs58/-/bs58-6.0.0.tgz",
			"integrity": "sha512-PD0wEnEYg6ijszw/u8s+iI3H17cTymlrwkKhDhPZq+Sokl3AU4htyBFTjAeNAlCCmg0f53g6ih3jATyCKftTfw==",
			"license": "MIT",
			"dependencies": {
				"base-x": "^5.0.0"
			}
		},
		"node_modules/bun-types": {
			"version": "1.3.11",
			"dev": true,
			"license": "MIT",
			"dependencies": {
				"@types/node": "*"
			}
		},
		"node_modules/trystero": {
			"version": "0.23.0",
			"license": "MIT",
			"dependencies": {
				"@trystero-p2p/nostr": "0.23.0"
			}
		},
		"node_modules/typescript": {
			"version": "5.9.3",
			"license": "Apache-2.0",
			"peer": true,
			"bin": {
				"tsc": "bin/tsc",
				"tsserver": "bin/tsserver"
			},
			"engines": {
				"node": ">=14.17"
			}
		},
		"node_modules/undici-types": {
			"version": "7.18.2",
			"dev": true,
			"license": "MIT"
		}
	}
}
